{
  "name": "microservice-testing",
  "version": "1.0.0",
  "lockfileVersion": 1,
  "requires": true,
  "dependencies": {
    "@commitlint/config-angular": {
      "version": "17.0.0",
      "resolved": "https://registry.npmjs.org/@commitlint/config-angular/-/config-angular-17.0.0.tgz",
      "integrity": "sha512-OngMpL/DpCHCebiQEVripTn/STqzbzwcP8jiwnCftXvUAaNQvAEBqbf7IbVPAvkj00WQsjvMQqRZD8D9NY7QaQ==",
      "requires": {
        "@commitlint/config-angular-type-enum": "^17.0.0"
      }
    },
    "@commitlint/config-angular-type-enum": {
      "version": "17.0.0",
      "resolved": "https://registry.npmjs.org/@commitlint/config-angular-type-enum/-/config-angular-type-enum-17.0.0.tgz",
      "integrity": "sha512-OJrxpzszJ+jF0RvqLjsM/iZ94IfJ33NVCFFGVmkzuHjKxPt/i/+yJKJ5lzGhlsp5YV2F2Ui5ECIf5Sor2/OZvQ=="
    }
  }
}
